
Microsoft Visual Studio Solution File, Format Version 12.00
# Visual Studio Version 16
VisualStudioVersion = 16.0.29709.97
MinimumVisualStudioVersion = 10.0.40219.1
Project("{2150E333-8FDC-42A3-9474-1A3956D46DE8}") = "src", "src", "{F9B0F92F-61F2-4FEA-B3DB-8DA43728F9BB}"
EndProject
Project("{2150E333-8FDC-42A3-9474-1A3956D46DE8}") = "test", "test", "{ECC0EE16-7193-4106-9EB7-C44FA9DE77A5}"
EndProject
Project("{2150E333-8FDC-42A3-9474-1A3956D46DE8}") = "App", "App", "{993572AA-2755-4ED4-AFA7-B8861F3250A6}"
EndProject
Project("{2150E333-8FDC-42A3-9474-1A3956D46DE8}") = "Framework", "Framework", "{2B81BFA9-2D2B-4222-80C6-338531E6AF4D}"
EndProject
Project("{2150E333-8FDC-42A3-9474-1A3956D46DE8}") = "Gateway", "Gateway", "{431EA6E4-E572-4A42-968F-A47C9D814365}"
EndProject
Project("{2150E333-8FDC-42A3-9474-1A3956D46DE8}") = "Services", "Services", "{E1964AC9-FA0A-4C76-9593-219D75915B5F}"
EndProject
Project("{2150E333-8FDC-42A3-9474-1A3956D46DE8}") = "Identity", "Identity", "{6B220EEB-8DC7-496B-8100-FB40987D8B93}"
EndProject
Project("{9A19103F-16F7-4668-BE54-9A1E7A4F7556}") = "Identity.WebApi", "src\Services\Identity\Identity.WebApi\Identity.WebApi.csproj", "{5CFEC4A9-893A-4CF6-B2F6-01A64D2281D7}"
EndProject
Project("{9A19103F-16F7-4668-BE54-9A1E7A4F7556}") = "Gateway.WebApi", "src\Gateway\Gateway.WebApi\Gateway.WebApi.csproj", "{ECE4FF6C-5E77-4B85-82D7-9DC683B47243}"
EndProject
Project("{2150E333-8FDC-42A3-9474-1A3956D46DE8}") = "Data", "Data", "{74008C0C-2C54-435B-8788-A47690339FCA}"
EndProject
Project("{9A19103F-16F7-4668-BE54-9A1E7A4F7556}") = "Infrastructure.Framework", "src\Framework\Infrastructure.Framework\Infrastructure.Framework.csproj", "{A9BF1927-2079-432D-AE72-EA7247025F6F}"
EndProject
Project("{9A19103F-16F7-4668-BE54-9A1E7A4F7556}") = "Data.SqlServer", "src\Data\Data.SqlServer\Data.SqlServer.csproj", "{D833FE90-1F5F-42ED-8630-5BE92DBDA787}"
EndProject
Project("{2150E333-8FDC-42A3-9474-1A3956D46DE8}") = "Common", "Common", "{BAAF0494-827B-4F77-9AE2-B47950CDA984}"
EndProject
Project("{9A19103F-16F7-4668-BE54-9A1E7A4F7556}") = "Common.Core", "src\Common\Common.Core\Common.Core.csproj", "{5E579EA9-745A-4D72-94DB-A49B78492985}"
EndProject
Project("{2150E333-8FDC-42A3-9474-1A3956D46DE8}") = "Product", "Product", "{57855E65-33C2-4E1D-A706-35BC778BADD2}"
EndProject
Project("{9A19103F-16F7-4668-BE54-9A1E7A4F7556}") = "Product.WebApi", "src\Services\Product\Product.WebApi\Product.WebApi.csproj", "{34CE9147-AF79-41C9-919F-DC765DF07122}"
EndProject
Project("{2150E333-8FDC-42A3-9474-1A3956D46DE8}") = "WebScraping", "WebScraping", "{06AEB2FC-6D27-4A2D-A19E-39E0C85DFDCB}"
EndProject
Project("{FAE04EC0-301F-11D3-BF4B-00C04F79EFBC}") = "WebScraping.Api", "src\Services\WebScraping\WebScraping.Api\WebScraping.Api.csproj", "{C3755509-56EE-44BD-B7F1-B8CDBADAB4E1}"
EndProject
Global
	GlobalSection(SolutionConfigurationPlatforms) = preSolution
		Debug|Any CPU = Debug|Any CPU
		Release|Any CPU = Release|Any CPU
	EndGlobalSection
	GlobalSection(ProjectConfigurationPlatforms) = postSolution
		{5CFEC4A9-893A-4CF6-B2F6-01A64D2281D7}.Debug|Any CPU.ActiveCfg = Debug|Any CPU
		{5CFEC4A9-893A-4CF6-B2F6-01A64D2281D7}.Debug|Any CPU.Build.0 = Debug|Any CPU
		{5CFEC4A9-893A-4CF6-B2F6-01A64D2281D7}.Release|Any CPU.ActiveCfg = Release|Any CPU
		{5CFEC4A9-893A-4CF6-B2F6-01A64D2281D7}.Release|Any CPU.Build.0 = Release|Any CPU
		{ECE4FF6C-5E77-4B85-82D7-9DC683B47243}.Debug|Any CPU.ActiveCfg = Debug|Any CPU
		{ECE4FF6C-5E77-4B85-82D7-9DC683B47243}.Debug|Any CPU.Build.0 = Debug|Any CPU
		{ECE4FF6C-5E77-4B85-82D7-9DC683B47243}.Release|Any CPU.ActiveCfg = Release|Any CPU
		{ECE4FF6C-5E77-4B85-82D7-9DC683B47243}.Release|Any CPU.Build.0 = Release|Any CPU
		{A9BF1927-2079-432D-AE72-EA7247025F6F}.Debug|Any CPU.ActiveCfg = Debug|Any CPU
		{A9BF1927-2079-432D-AE72-EA7247025F6F}.Debug|Any CPU.Build.0 = Debug|Any CPU
		{A9BF1927-2079-432D-AE72-EA7247025F6F}.Release|Any CPU.ActiveCfg = Release|Any CPU
		{A9BF1927-2079-432D-AE72-EA7247025F6F}.Release|Any CPU.Build.0 = Release|Any CPU
		{D833FE90-1F5F-42ED-8630-5BE92DBDA787}.Debug|Any CPU.ActiveCfg = Debug|Any CPU
		{D833FE90-1F5F-42ED-8630-5BE92DBDA787}.Debug|Any CPU.Build.0 = Debug|Any CPU
		{D833FE90-1F5F-42ED-8630-5BE92DBDA787}.Release|Any CPU.ActiveCfg = Release|Any CPU
		{D833FE90-1F5F-42ED-8630-5BE92DBDA787}.Release|Any CPU.Build.0 = Release|Any CPU
		{5E579EA9-745A-4D72-94DB-A49B78492985}.Debug|Any CPU.ActiveCfg = Debug|Any CPU
		{5E579EA9-745A-4D72-94DB-A49B78492985}.Debug|Any CPU.Build.0 = Debug|Any CPU
		{5E579EA9-745A-4D72-94DB-A49B78492985}.Release|Any CPU.ActiveCfg = Release|Any CPU
		{5E579EA9-745A-4D72-94DB-A49B78492985}.Release|Any CPU.Build.0 = Release|Any CPU
		{34CE9147-AF79-41C9-919F-DC765DF07122}.Debug|Any CPU.ActiveCfg = Debug|Any CPU
		{34CE9147-AF79-41C9-919F-DC765DF07122}.Debug|Any CPU.Build.0 = Debug|Any CPU
		{34CE9147-AF79-41C9-919F-DC765DF07122}.Release|Any CPU.ActiveCfg = Release|Any CPU
		{34CE9147-AF79-41C9-919F-DC765DF07122}.Release|Any CPU.Build.0 = Release|Any CPU
		{C3755509-56EE-44BD-B7F1-B8CDBADAB4E1}.Debug|Any CPU.ActiveCfg = Debug|Any CPU
		{C3755509-56EE-44BD-B7F1-B8CDBADAB4E1}.Debug|Any CPU.Build.0 = Debug|Any CPU
		{C3755509-56EE-44BD-B7F1-B8CDBADAB4E1}.Release|Any CPU.ActiveCfg = Release|Any CPU
		{C3755509-56EE-44BD-B7F1-B8CDBADAB4E1}.Release|Any CPU.Build.0 = Release|Any CPU
	EndGlobalSection
	GlobalSection(SolutionProperties) = preSolution
		HideSolutionNode = FALSE
	EndGlobalSection
	GlobalSection(NestedProjects) = preSolution
		{993572AA-2755-4ED4-AFA7-B8861F3250A6} = {F9B0F92F-61F2-4FEA-B3DB-8DA43728F9BB}
		{2B81BFA9-2D2B-4222-80C6-338531E6AF4D} = {F9B0F92F-61F2-4FEA-B3DB-8DA43728F9BB}
		{431EA6E4-E572-4A42-968F-A47C9D814365} = {F9B0F92F-61F2-4FEA-B3DB-8DA43728F9BB}
		{E1964AC9-FA0A-4C76-9593-219D75915B5F} = {F9B0F92F-61F2-4FEA-B3DB-8DA43728F9BB}
		{6B220EEB-8DC7-496B-8100-FB40987D8B93} = {E1964AC9-FA0A-4C76-9593-219D75915B5F}
		{5CFEC4A9-893A-4CF6-B2F6-01A64D2281D7} = {6B220EEB-8DC7-496B-8100-FB40987D8B93}
		{ECE4FF6C-5E77-4B85-82D7-9DC683B47243} = {431EA6E4-E572-4A42-968F-A47C9D814365}
		{74008C0C-2C54-435B-8788-A47690339FCA} = {F9B0F92F-61F2-4FEA-B3DB-8DA43728F9BB}
		{A9BF1927-2079-432D-AE72-EA7247025F6F} = {2B81BFA9-2D2B-4222-80C6-338531E6AF4D}
		{D833FE90-1F5F-42ED-8630-5BE92DBDA787} = {74008C0C-2C54-435B-8788-A47690339FCA}
		{BAAF0494-827B-4F77-9AE2-B47950CDA984} = {F9B0F92F-61F2-4FEA-B3DB-8DA43728F9BB}
		{5E579EA9-745A-4D72-94DB-A49B78492985} = {BAAF0494-827B-4F77-9AE2-B47950CDA984}
		{57855E65-33C2-4E1D-A706-35BC778BADD2} = {E1964AC9-FA0A-4C76-9593-219D75915B5F}
		{34CE9147-AF79-41C9-919F-DC765DF07122} = {57855E65-33C2-4E1D-A706-35BC778BADD2}
		{06AEB2FC-6D27-4A2D-A19E-39E0C85DFDCB} = {E1964AC9-FA0A-4C76-9593-219D75915B5F}
		{C3755509-56EE-44BD-B7F1-B8CDBADAB4E1} = {06AEB2FC-6D27-4A2D-A19E-39E0C85DFDCB}
	EndGlobalSection
	GlobalSection(ExtensibilityGlobals) = postSolution
		SolutionGuid = {EF400295-0C26-405C-968D-61816FD9DD46}
	EndGlobalSection
EndGlobal
